
Microsoft Visual Studio Solution File, Format Version 12.00
# Visual Studio Version 16
VisualStudioVersion = 16.0.30011.22
MinimumVisualStudioVersion = 10.0.40219.1
Project("{9A19103F-16F7-4668-BE54-9A1E7A4F7556}") = "PokerBot", "PokerBot.csproj", "{626463D8-7E3C-46A5-B6D7-9E8AC194844F}"
EndProject
Global
	GlobalSection(SolutionConfigurationPlatforms) = preSolution
		Debug|Any CPU = Debug|Any CPU
		Release|Any CPU = Release|Any CPU
	EndGlobalSection
	GlobalSection(ProjectConfigurationPlatforms) = postSolution
		{626463D8-7E3C-46A5-B6D7-9E8AC194844F}.Debug|Any CPU.ActiveCfg = Debug|Any CPU
		{626463D8-7E3C-46A5-B6D7-9E8AC194844F}.Debug|Any CPU.Build.0 = Debug|Any CPU
		{626463D8-7E3C-46A5-B6D7-9E8AC194844F}.Release|Any CPU.ActiveCfg = Release|Any CPU
		{626463D8-7E3C-46A5-B6D7-9E8AC194844F}.Release|Any CPU.Build.0 = Release|Any CPU
	EndGlobalSection
	GlobalSection(SolutionProperties) = preSolution
		HideSolutionNode = FALSE
	EndGlobalSection
	GlobalSection(ExtensibilityGlobals) = postSolution
		SolutionGuid = {B6555EE4-2B6A-45D4-9BFC-BE05AFABA916}
	EndGlobalSection
EndGlobal
